
Microsoft Visual Studio Solution File, Format Version 12.00
# Visual Studio Version 17
VisualStudioVersion = 17.14.36109.1
MinimumVisualStudioVersion = 10.0.40219.1
Project("{8BC9CEB8-8B4A-11D0-8D11-00A0C91BC942}") = "chip8emulator", "chip8emulator\chip8emulator.vcxproj", "{9B64CEA3-4B22-48E4-889E-D46D9DCF902B}"
EndProject
Global
	GlobalSection(SolutionConfigurationPlatforms) = preSolution
		Debug|Any CPU = Debug|Any CPU
		Debug|x64 = Debug|x64
		Debug|x86 = Debug|x86
		Release|Any CPU = Release|Any CPU
		Release|x64 = Release|x64
		Release|x86 = Release|x86
	EndGlobalSection
	GlobalSection(ProjectConfigurationPlatforms) = postSolution
		{9B64CEA3-4B22-48E4-889E-D46D9DCF902B}.Debug|Any CPU.ActiveCfg = Debug|x64
		{9B64CEA3-4B22-48E4-889E-D46D9DCF902B}.Debug|Any CPU.Build.0 = Debug|x64
		{9B64CEA3-4B22-48E4-889E-D46D9DCF902B}.Debug|x64.ActiveCfg = Debug|x64
		{9B64CEA3-4B22-48E4-889E-D46D9DCF902B}.Debug|x64.Build.0 = Debug|x64
		{9B64CEA3-4B22-48E4-889E-D46D9DCF902B}.Debug|x86.ActiveCfg = Debug|Win32
		{9B64CEA3-4B22-48E4-889E-D46D9DCF902B}.Debug|x86.Build.0 = Debug|Win32
		{9B64CEA3-4B22-48E4-889E-D46D9DCF902B}.Release|Any CPU.ActiveCfg = Release|x64
		{9B64CEA3-4B22-48E4-889E-D46D9DCF902B}.Release|Any CPU.Build.0 = Release|x64
		{9B64CEA3-4B22-48E4-889E-D46D9DCF902B}.Release|x64.ActiveCfg = Release|x64
		{9B64CEA3-4B22-48E4-889E-D46D9DCF902B}.Release|x64.Build.0 = Release|x64
		{9B64CEA3-4B22-48E4-889E-D46D9DCF902B}.Release|x86.ActiveCfg = Release|Win32
		{9B64CEA3-4B22-48E4-889E-D46D9DCF902B}.Release|x86.Build.0 = Release|Win32
	EndGlobalSection
	GlobalSection(SolutionProperties) = preSolution
		HideSolutionNode = FALSE
	EndGlobalSection
	GlobalSection(ExtensibilityGlobals) = postSolution
		SolutionGuid = {1696F3CA-4E70-4175-84DE-E0C7BB5EDDC4}
	EndGlobalSection
EndGlobal
